{
  "nodes": {
    "neovim": {
      "inputs": {
        "nixpkgs": [
          "nixpkgs"
        ]
      },
      "locked": {
        "lastModified": 1735419566,
        "narHash": "sha256-Os4O+ldrrkU2E6WVzr2r4h9X+iQJUotola+hDg5+V/o=",
        "owner": "tjcardinal",
        "repo": "nvim-config",
        "rev": "5cd9d81951562c45638431e2c303113d44d56159",
        "type": "github"
      },
      "original": {
        "owner": "tjcardinal",
        "repo": "nvim-config",
        "type": "github"
      }
    },
    "nixpkgs": {
      "locked": {
        "lastModified": 1762363567,
        "narHash": "sha256-YRqMDEtSMbitIMj+JLpheSz0pwEr0Rmy5mC7myl17xs=",
        "owner": "NixOS",
        "repo": "nixpkgs",
        "rev": "ae814fd3904b621d8ab97418f1d0f2eb0d3716f4",
        "type": "github"
      },
      "original": {
        "owner": "NixOS",
        "ref": "nixos-unstable",
        "repo": "nixpkgs",
        "type": "github"
      }
    },
    "root": {
      "inputs": {
        "neovim": "neovim",
        "nixpkgs": "nixpkgs"
      }
    }
  },
  "root": "root",
  "version": 7
}
