{
  "nodes": {
    "neovim": {
      "inputs": {
        "nixpkgs": [
          "nixpkgs"
        ]
      },
      "locked": {
        "lastModified": 1735419566,
        "narHash": "sha256-Os4O+ldrrkU2E6WVzr2r4h9X+iQJUotola+hDg5+V/o=",
        "owner": "tjcardinal",
        "repo": "nvim-config",
        "rev": "5cd9d81951562c45638431e2c303113d44d56159",
        "type": "github"
      },
      "original": {
        "owner": "tjcardinal",
        "repo": "nvim-config",
        "type": "github"
      }
    },
    "nixpkgs": {
      "locked": {
        "lastModified": 1768564909,
        "narHash": "sha256-Kell/SpJYVkHWMvnhqJz/8DqQg2b6PguxVWOuadbHCc=",
        "owner": "NixOS",
        "repo": "nixpkgs",
        "rev": "e4bae1bd10c9c57b2cf517953ab70060a828ee6f",
        "type": "github"
      },
      "original": {
        "owner": "NixOS",
        "ref": "nixos-unstable",
        "repo": "nixpkgs",
        "type": "github"
      }
    },
    "root": {
      "inputs": {
        "neovim": "neovim",
        "nixpkgs": "nixpkgs"
      }
    }
  },
  "root": "root",
  "version": 7
}
