{
  "nodes": {
    "neovim": {
      "inputs": {
        "nixpkgs": [
          "nixpkgs"
        ]
      },
      "locked": {
        "lastModified": 1735419566,
        "narHash": "sha256-Os4O+ldrrkU2E6WVzr2r4h9X+iQJUotola+hDg5+V/o=",
        "owner": "tjcardinal",
        "repo": "nvim-config",
        "rev": "5cd9d81951562c45638431e2c303113d44d56159",
        "type": "github"
      },
      "original": {
        "owner": "tjcardinal",
        "repo": "nvim-config",
        "type": "github"
      }
    },
    "nixpkgs": {
      "locked": {
        "lastModified": 1744463964,
        "narHash": "sha256-LWqduOgLHCFxiTNYi3Uj5Lgz0SR+Xhw3kr/3Xd0GPTM=",
        "owner": "NixOS",
        "repo": "nixpkgs",
        "rev": "2631b0b7abcea6e640ce31cd78ea58910d31e650",
        "type": "github"
      },
      "original": {
        "owner": "NixOS",
        "ref": "nixos-unstable",
        "repo": "nixpkgs",
        "type": "github"
      }
    },
    "root": {
      "inputs": {
        "neovim": "neovim",
        "nixpkgs": "nixpkgs"
      }
    }
  },
  "root": "root",
  "version": 7
}
